// !$*UTF8*$!
{
	archiveVersion = 1;
	classes = {
	};
	objectVersion = 46;
	objects = {

/* Begin PBXBuildFile section */
		C553BC5E1B42669A005A6FB5 /* AppDelegate.swift in Sources */ = {isa = PBXBuildFile; fileRef = C553BC5D1B42669A005A6FB5 /* AppDelegate.swift */; };
		C553BC601B42669A005A6FB5 /* ViewController.swift in Sources */ = {isa = PBXBuildFile; fileRef = C553BC5F1B42669A005A6FB5 /* ViewController.swift */; };
		C553BC631B42669A005A6FB5 /* Main.storyboard in Resources */ = {isa = PBXBuildFile; fileRef = C553BC611B42669A005A6FB5 /* Main.storyboard */; };
		C553BC651B42669A005A6FB5 /* Images.xcassets in Resources */ = {isa = PBXBuildFile; fileRef = C553BC641B42669A005A6FB5 /* Images.xcassets */; };
		C553BC681B42669B005A6FB5 /* LaunchScreen.xib in Resources */ = {isa = PBXBuildFile; fileRef = C553BC661B42669B005A6FB5 /* LaunchScreen.xib */; };
		C553BC741B42669B005A6FB5 /* ShortcutTests.swift in Sources */ = {isa = PBXBuildFile; fileRef = C553BC731B42669B005A6FB5 /* ShortcutTests.swift */; };
/* End PBXBuildFile section */

/* Begin PBXContainerItemProxy section */
		C553BC6E1B42669B005A6FB5 /* PBXContainerItemProxy */ = {
			isa = PBXContainerItemProxy;
			containerPortal = C553BC501B42669A005A6FB5 /* Project object */;
			proxyType = 1;
			remoteGlobalIDString = C553BC571B42669A005A6FB5;
			remoteInfo = Shortcut;
		};
/* End PBXContainerItemProxy section */

/* Begin PBXFileReference section */
		C553BC581B42669A005A6FB5 /* Shortcut.app */ = {isa = PBXFileReference; explicitFileType = wrapper.application; includeInIndex = 0; path = Shortcut.app; sourceTree = BUILT_PRODUCTS_DIR; };
		C553BC5C1B42669A005A6FB5 /* Info.plist */ = {isa = PBXFileReference; lastKnownFileType = text.plist.xml; path = Info.plist; sourceTree = "<group>"; };
		C553BC5D1B42669A005A6FB5 /* AppDelegate.swift */ = {isa = PBXFileReference; lastKnownFileType = sourcecode.swift; path = AppDelegate.swift; sourceTree = "<group>"; };
		C553BC5F1B42669A005A6FB5 /* ViewController.swift */ = {isa = PBXFileReference; lastKnownFileType = sourcecode.swift; path = ViewController.swift; sourceTree = "<group>"; };
		C553BC621B42669A005A6FB5 /* Base */ = {isa = PBXFileReference; lastKnownFileType = file.storyboard; name = Base; path = Base.lproj/Main.storyboard; sourceTree = "<group>"; };
		C553BC641B42669A005A6FB5 /* Images.xcassets */ = {isa = PBXFileReference; lastKnownFileType = folder.assetcatalog; path = Images.xcassets; sourceTree = "<group>"; };
		C553BC671B42669B005A6FB5 /* Base */ = {isa = PBXFileReference; lastKnownFileType = file.xib; name = Base; path = Base.lproj/LaunchScreen.xib; sourceTree = "<group>"; };
		C553BC6D1B42669B005A6FB5 /* ShortcutTests.xctest */ = {isa = PBXFileReference; explicitFileType = wrapper.cfbundle; includeInIndex = 0; path = ShortcutTests.xctest; sourceTree = BUILT_PRODUCTS_DIR; };
		C553BC721B42669B005A6FB5 /* Info.plist */ = {isa = PBXFileReference; lastKnownFileType = text.plist.xml; path = Info.plist; sourceTree = "<group>"; };
		C553BC731B42669B005A6FB5 /* ShortcutTests.swift */ = {isa = PBXFileReference; lastKnownFileType = sourcecode.swift; path = ShortcutTests.swift; sourceTree = "<group>"; };
/* End PBXFileReference section */

/* Begin PBXFrameworksBuildPhase section */
		C553BC551B42669A005A6FB5 /* Frameworks */ = {
			isa = PBXFrameworksBuildPhase;
			buildActionMask = 2147483647;
			files = (
			);
			runOnlyForDeploymentPostprocessing = 0;
		};
		C553BC6A1B42669B005A6FB5 /* Frameworks */ = {
			isa = PBXFrameworksBuildPhase;
			buildActionMask = 2147483647;
			files = (
			);
			runOnlyForDeploymentPostprocessing = 0;
		};
/* End PBXFrameworksBuildPhase section */

/* Begin PBXGroup section */
		C553BC4F1B42669A005A6FB5 = {
			isa = PBXGroup;
			children = (
				C553BC5A1B42669A005A6FB5 /* Shortcut */,
				C553BC701B42669B005A6FB5 /* ShortcutTests */,
				C553BC591B42669A005A6FB5 /* Products */,
			);
			sourceTree = "<group>";
		};
		C553BC591B42669A005A6FB5 /* Products */ = {
			isa = PBXGroup;
			children = (
				C553BC581B42669A005A6FB5 /* Shortcut.app */,
				C553BC6D1B42669B005A6FB5 /* ShortcutTests.xctest */,
			);
			name = Products;
			sourceTree = "<group>";
		};
		C553BC5A1B42669A005A6FB5 /* Shortcut */ = {
			isa = PBXGroup;
			children = (
				C553BC5D1B42669A005A6FB5 /* AppDelegate.swift */,
				C553BC5F1B42669A005A6FB5 /* ViewController.swift */,
				C553BC611B42669A005A6FB5 /* Main.storyboard */,
				C553BC641B42669A005A6FB5 /* Images.xcassets */,
				C553BC661B42669B005A6FB5 /* LaunchScreen.xib */,
				C553BC5B1B42669A005A6FB5 /* Supporting Files */,
			);
			path = Shortcut;
			sourceTree = "<group>";
		};
		C553BC5B1B42669A005A6FB5 /* Supporting Files */ = {
			isa = PBXGroup;
			children = (
				C553BC5C1B42669A005A6FB5 /* Info.plist */,
			);
			name = "Supporting Files";
			sourceTree = "<group>";
		};
		C553BC701B42669B005A6FB5 /* ShortcutTests */ = {
			isa = PBXGroup;
			children = (
				C553BC731B42669B005A6FB5 /* ShortcutTests.swift */,
				C553BC711B42669B005A6FB5 /* Supporting Files */,
			);
			path = ShortcutTests;
			sourceTree = "<group>";
		};
		C553BC711B42669B005A6FB5 /* Supporting Files */ = {
			isa = PBXGroup;
			children = (
				C553BC721B42669B005A6FB5 /* Info.plist */,
			);
			name = "Supporting Files";
			sourceTree = "<group>";
		};
/* End PBXGroup section */

/* Begin PBXNativeTarget section */
		C553BC571B42669A005A6FB5 /* Shortcut */ = {
			isa = PBXNativeTarget;
			buildConfigurationList = C553BC771B42669B005A6FB5 /* Build configuration list for PBXNativeTarget "Shortcut" */;
			buildPhases = (
				C553BC541B42669A005A6FB5 /* Sources */,
				C553BC551B42669A005A6FB5 /* Frameworks */,
				C553BC561B42669A005A6FB5 /* Resources */,
			);
			buildRules = (
			);
			dependencies = (
			);
			name = Shortcut;
			productName = Shortcut;
			productReference = C553BC581B42669A005A6FB5 /* Shortcut.app */;
			productType = "com.apple.product-type.application";
		};
		C553BC6C1B42669B005A6FB5 /* ShortcutTests */ = {
			isa = PBXNativeTarget;
			buildConfigurationList = C553BC7A1B42669B005A6FB5 /* Build configuration list for PBXNativeTarget "ShortcutTests" */;
			buildPhases = (
				C553BC691B42669B005A6FB5 /* Sources */,
				C553BC6A1B42669B005A6FB5 /* Frameworks */,
				C553BC6B1B42669B005A6FB5 /* Resources */,
			);
			buildRules = (
			);
			dependencies = (
				C553BC6F1B42669B005A6FB5 /* PBXTargetDependency */,
			);
			name = ShortcutTests;
			productName = ShortcutTests;
			productReference = C553BC6D1B42669B005A6FB5 /* ShortcutTests.xctest */;
			productType = "com.apple.product-type.bundle.unit-test";
		};
/* End PBXNativeTarget section */

/* Begin PBXProject section */
		C553BC501B42669A005A6FB5 /* Project object */ = {
			isa = PBXProject;
			attributes = {
				LastUpgradeCheck = 0630;
				ORGANIZATIONNAME = "Paula Chojnacki";
				TargetAttributes = {
					C553BC571B42669A005A6FB5 = {
						CreatedOnToolsVersion = 6.3.2;
						DevelopmentTeam = ELU8GZ6GXB;
					};
					C553BC6C1B42669B005A6FB5 = {
						CreatedOnToolsVersion = 6.3.2;
						TestTargetID = C553BC571B42669A005A6FB5;
					};
				};
			};
			buildConfigurationList = C553BC531B42669A005A6FB5 /* Build configuration list for PBXProject "Shortcut" */;
			compatibilityVersion = "Xcode 3.2";
			developmentRegion = English;
			hasScannedForEncodings = 0;
			knownRegions = (
				en,
				Base,
			);
			mainGroup = C553BC4F1B42669A005A6FB5;
			productRefGroup = C553BC591B42669A005A6FB5 /* Products */;
			projectDirPath = "";
			projectRoot = "";
			targets = (
				C553BC571B42669A005A6FB5 /* Shortcut */,
				C553BC6C1B42669B005A6FB5 /* ShortcutTests */,
			);
		};
/* End PBXProject section */

/* Begin PBXResourcesBuildPhase section */
		C553BC561B42669A005A6FB5 /* Resources */ = {
			isa = PBXResourcesBuildPhase;
			buildActionMask = 2147483647;
			files = (
				C553BC631B42669A005A6FB5 /* Main.storyboard in Resources */,
				C553BC681B42669B005A6FB5 /* LaunchScreen.xib in Resources */,
				C553BC651B42669A005A6FB5 /* Images.xcassets in Resources */,
			);
			runOnlyForDeploymentPostprocessing = 0;
		};
		C553BC6B1B42669B005A6FB5 /* Resources */ = {
			isa = PBXResourcesBuildPhase;
			buildActionMask = 2147483647;
			files = (
			);
			runOnlyForDeploymentPostprocessing = 0;
		};
/* End PBXResourcesBuildPhase section */

/* Begin PBXSourcesBuildPhase section */
		C553BC541B42669A005A6FB5 /* Sources */ = {
			isa = PBXSourcesBuildPhase;
			buildActionMask = 2147483647;
			files = (
				C553BC601B42669A005A6FB5 /* ViewController.swift in Sources */,
				C553BC5E1B42669A005A6FB5 /* AppDelegate.swift in Sources */,
			);
			runOnlyForDeploymentPostprocessing = 0;
		};
		C553BC691B42669B005A6FB5 /* Sources */ = {
			isa = PBXSourcesBuildPhase;
			buildActionMask = 2147483647;
			files = (
				C553BC741B42669B005A6FB5 /* ShortcutTests.swift in Sources */,
			);
			runOnlyForDeploymentPostprocessing = 0;
		};
/* End PBXSourcesBuildPhase section */

/* Begin PBXTargetDependency section */
		C553BC6F1B42669B005A6FB5 /* PBXTargetDependency */ = {
			isa = PBXTargetDependency;
			target = C553BC571B42669A005A6FB5 /* Shortcut */;
			targetProxy = C553BC6E1B42669B005A6FB5 /* PBXContainerItemProxy */;
		};
/* End PBXTargetDependency section */

/* Begin PBXVariantGroup section */
		C553BC611B42669A005A6FB5 /* Main.storyboard */ = {
			isa = PBXVariantGroup;
			children = (
				C553BC621B42669A005A6FB5 /* Base */,
			);
			name = Main.storyboard;
			sourceTree = "<group>";
		};
		C553BC661B42669B005A6FB5 /* LaunchScreen.xib */ = {
			isa = PBXVariantGroup;
			children = (
				C553BC671B42669B005A6FB5 /* Base */,
			);
			name = LaunchScreen.xib;
			sourceTree = "<group>";
		};
/* End PBXVariantGroup section */

/* Begin XCBuildConfiguration section */
		C553BC751B42669B005A6FB5 /* Debug */ = {
			isa = XCBuildConfiguration;
			buildSettings = {
				ALWAYS_SEARCH_USER_PATHS = NO;
				CLANG_CXX_LANGUAGE_STANDARD = "gnu++0x";
				CLANG_CXX_LIBRARY = "libc++";
				CLANG_ENABLE_MODULES = YES;
				CLANG_ENABLE_OBJC_ARC = YES;
				CLANG_WARN_BOOL_CONVERSION = YES;
				CLANG_WARN_CONSTANT_CONVERSION = YES;
				CLANG_WARN_DIRECT_OBJC_ISA_USAGE = YES_ERROR;
				CLANG_WARN_EMPTY_BODY = YES;
				CLANG_WARN_ENUM_CONVERSION = YES;
				CLANG_WARN_INT_CONVERSION = YES;
				CLANG_WARN_OBJC_ROOT_CLASS = YES_ERROR;
				CLANG_WARN_UNREACHABLE_CODE = YES;
				CLANG_WARN__DUPLICATE_METHOD_MATCH = YES;
				"CODE_SIGN_IDENTITY[sdk=iphoneos*]" = "iPhone Developer";
				COPY_PHASE_STRIP = NO;
				DEBUG_INFORMATION_FORMAT = "dwarf-with-dsym";
				ENABLE_STRICT_OBJC_MSGSEND = YES;
				GCC_C_LANGUAGE_STANDARD = gnu99;
				GCC_DYNAMIC_NO_PIC = NO;
				GCC_NO_COMMON_BLOCKS = YES;
				GCC_OPTIMIZATION_LEVEL = 0;
				GCC_PREPROCESSOR_DEFINITIONS = (
					"DEBUG=1",
					"$(inherited)",
				);
				GCC_SYMBOLS_PRIVATE_EXTERN = NO;
				GCC_WARN_64_TO_32_BIT_CONVERSION = YES;
				GCC_WARN_ABOUT_RETURN_TYPE = YES_ERROR;
				GCC_WARN_UNDECLARED_SELECTOR = YES;
				GCC_WARN_UNINITIALIZED_AUTOS = YES_AGGRESSIVE;
				GCC_WARN_UNUSED_FUNCTION = YES;
				GCC_WARN_UNUSED_VARIABLE = YES;
				IPHONEOS_DEPLOYMENT_TARGET = 8.3;
				MTL_ENABLE_DEBUG_INFO = YES;
				ONLY_ACTIVE_ARCH = YES;
				SDKROOT = iphoneos;
				SWIFT_OPTIMIZATION_LEVEL = "-Onone";
				TARGETED_DEVICE_FAMILY = "1,2";
			};
			name = Debug;
		};
		C553BC761B42669B005A6FB5 /* Release */ = {
			isa = XCBuildConfiguration;
			buildSettings = {
				ALWAYS_SEARCH_USER_PATHS = NO;
				CLANG_CXX_LANGUAGE_STANDARD = "gnu++0x";
				CLANG_CXX_LIBRARY = "libc++";
				CLANG_ENABLE_MODULES = YES;
				CLANG_ENABLE_OBJC_ARC = YES;
				CLANG_WARN_BOOL_CONVERSION = YES;
				CLANG_WARN_CONSTANT_CONVERSION = YES;
				CLANG_WARN_DIRECT_OBJC_ISA_USAGE = YES_ERROR;
				CLANG_WARN_EMPTY_BODY = YES;
				CLANG_WARN_ENUM_CONVERSION = YES;
				CLANG_WARN_INT_CONVERSION = YES;
				CLANG_WARN_OBJC_ROOT_CLASS = YES_ERROR;
				CLANG_WARN_UNREACHABLE_CODE = YES;
				CLANG_WARN__DUPLICATE_METHOD_MATCH = YES;
				"CODE_SIGN_IDENTITY[sdk=iphoneos*]" = "iPhone Developer";
				COPY_PHASE_STRIP = NO;
				DEBUG_INFORMATION_FORMAT = "dwarf-with-dsym";
				ENABLE_NS_ASSERTIONS = NO;
				ENABLE_STRICT_OBJC_MSGSEND = YES;
				GCC_C_LANGUAGE_STANDARD = gnu99;
				GCC_NO_COMMON_BLOCKS = YES;
				GCC_WARN_64_TO_32_BIT_CONVERSION = YES;
				GCC_WARN_ABOUT_RETURN_TYPE = YES_ERROR;
				GCC_WARN_UNDECLARED_SELECTOR = YES;
				GCC_WARN_UNINITIALIZED_AUTOS = YES_AGGRESSIVE;
				GCC_WARN_UNUSED_FUNCTION = YES;
				GCC_WARN_UNUSED_VARIABLE = YES;
				IPHONEOS_DEPLOYMENT_TARGET = 8.3;
				MTL_ENABLE_DEBUG_INFO = NO;
				SDKROOT = iphoneos;
				TARGETED_DEVICE_FAMILY = "1,2";
				VALIDATE_PRODUCT = YES;
			};
			name = Release;
		};
		C553BC781B42669B005A6FB5 /* Debug */ = {
			isa = XCBuildConfiguration;
			buildSettings = {
				ASSETCATALOG_COMPILER_APPICON_NAME = AppIcon;
				CODE_SIGN_IDENTITY = "iPhone Developer";
				INFOPLIST_FILE = Shortcut/Info.plist;
				LD_RUNPATH_SEARCH_PATHS = "$(inherited) @executable_path/Frameworks";
				PRODUCT_NAME = "$(TARGET_NAME)";
			};
			name = Debug;
		};
		C553BC791B42669B005A6FB5 /* Release */ = {
			isa = XCBuildConfiguration;
			buildSettings = {
				ASSETCATALOG_COMPILER_APPICON_NAME = AppIcon;
				CODE_SIGN_IDENTITY = "iPhone Developer";
				INFOPLIST_FILE = Shortcut/Info.plist;
				LD_RUNPATH_SEARCH_PATHS = "$(inherited) @executable_path/Frameworks";
				PRODUCT_NAME = "$(TARGET_NAME)";
			};
			name = Release;
		};
		C553BC7B1B42669B005A6FB5 /* Debug */ = {
			isa = XCBuildConfiguration;
			buildSettings = {
				BUNDLE_LOADER = "$(TEST_HOST)";
				FRAMEWORK_SEARCH_PATHS = (
					"$(SDKROOT)/Developer/Library/Frameworks",
					"$(inherited)",
				);
				GCC_PREPROCESSOR_DEFINITIONS = (
					"DEBUG=1",
					"$(inherited)",
				);
				INFOPLIST_FILE = ShortcutTests/Info.plist;
				LD_RUNPATH_SEARCH_PATHS = "$(inherited) @executable_path/Frameworks @loader_path/Frameworks";
				PRODUCT_NAME = "$(TARGET_NAME)";
				TEST_HOST = "$(BUILT_PRODUCTS_DIR)/Shortcut.app/Shortcut";
			};
			name = Debug;
		};
		C553BC7C1B42669B005A6FB5 /* Release */ = {
			isa = XCBuildConfiguration;
			buildSettings = {
				BUNDLE_LOADER = "$(TEST_HOST)";
				FRAMEWORK_SEARCH_PATHS = (
					"$(SDKROOT)/Developer/Library/Frameworks",
					"$(inherited)",
				);
				INFOPLIST_FILE = ShortcutTests/Info.plist;
				LD_RUNPATH_SEARCH_PATHS = "$(inherited) @executable_path/Frameworks @loader_path/Frameworks";
				PRODUCT_NAME = "$(TARGET_NAME)";
				TEST_HOST = "$(BUILT_PRODUCTS_DIR)/Shortcut.app/Shortcut";
			};
			name = Release;
		};
/* End XCBuildConfiguration section */

/* Begin XCConfigurationList section */
		C553BC531B42669A005A6FB5 /* Build configuration list for PBXProject "Shortcut" */ = {
			isa = XCConfigurationList;
			buildConfigurations = (
				C553BC751B42669B005A6FB5 /* Debug */,
				C553BC761B42669B005A6FB5 /* Release */,
			);
			defaultConfigurationIsVisible = 0;
			defaultConfigurationName = Release;
		};
		C553BC771B42669B005A6FB5 /* Build configuration list for PBXNativeTarget "Shortcut" */ = {
			isa = XCConfigurationList;
			buildConfigurations = (
				C553BC781B42669B005A6FB5 /* Debug */,
				C553BC791B42669B005A6FB5 /* Release */,
			);
			defaultConfigurationIsVisible = 0;
			defaultConfigurationName = Release;
		};
		C553BC7A1B42669B005A6FB5 /* Build configuration list for PBXNativeTarget "ShortcutTests" */ = {
			isa = XCConfigurationList;
			buildConfigurations = (
				C553BC7B1B42669B005A6FB5 /* Debug */,
				C553BC7C1B42669B005A6FB5 /* Release */,
			);
			defaultConfigurationIsVisible = 0;
			defaultConfigurationName = Release;
		};
/* End XCConfigurationList section */
	};
	rootObject = C553BC501B42669A005A6FB5 /* Project object */;
}
